
Microsoft Visual Studio Solution File, Format Version 12.00
# Visual Studio Version 17
VisualStudioVersion = 17.4.33205.214
MinimumVisualStudioVersion = 10.0.40219.1
Project("{FAE04EC0-301F-11D3-BF4B-00C04F79EFBC}") = "ΑΑΕ2023_3", "ΑΑΕ2023_3\ΑΑΕ2023_3.csproj", "{DBC857ED-4900-4ED7-AAB0-928E18DD8122}"
EndProject
Global
	GlobalSection(SolutionConfigurationPlatforms) = preSolution
		Debug|Any CPU = Debug|Any CPU
		Release|Any CPU = Release|Any CPU
	EndGlobalSection
	GlobalSection(ProjectConfigurationPlatforms) = postSolution
		{DBC857ED-4900-4ED7-AAB0-928E18DD8122}.Debug|Any CPU.ActiveCfg = Debug|Any CPU
		{DBC857ED-4900-4ED7-AAB0-928E18DD8122}.Debug|Any CPU.Build.0 = Debug|Any CPU
		{DBC857ED-4900-4ED7-AAB0-928E18DD8122}.Release|Any CPU.ActiveCfg = Release|Any CPU
		{DBC857ED-4900-4ED7-AAB0-928E18DD8122}.Release|Any CPU.Build.0 = Release|Any CPU
	EndGlobalSection
	GlobalSection(SolutionProperties) = preSolution
		HideSolutionNode = FALSE
	EndGlobalSection
	GlobalSection(ExtensibilityGlobals) = postSolution
		SolutionGuid = {84B44FA1-919A-4088-AFCE-3363FCB84CA5}
	EndGlobalSection
EndGlobal
