
Microsoft Visual Studio Solution File, Format Version 12.00
# Visual Studio Version 17
VisualStudioVersion = 17.7.34221.43
MinimumVisualStudioVersion = 10.0.40219.1
Project("{FAE04EC0-301F-11D3-BF4B-00C04F79EFBC}") = "ErgasiaP22271", "ErgasiaP22271.csproj", "{F72C387A-8356-42B9-9537-F4543A8DCA77}"
EndProject
Global
	GlobalSection(SolutionConfigurationPlatforms) = preSolution
		Debug|Any CPU = Debug|Any CPU
		Release|Any CPU = Release|Any CPU
	EndGlobalSection
	GlobalSection(ProjectConfigurationPlatforms) = postSolution
		{F72C387A-8356-42B9-9537-F4543A8DCA77}.Debug|Any CPU.ActiveCfg = Debug|Any CPU
		{F72C387A-8356-42B9-9537-F4543A8DCA77}.Debug|Any CPU.Build.0 = Debug|Any CPU
		{F72C387A-8356-42B9-9537-F4543A8DCA77}.Release|Any CPU.ActiveCfg = Release|Any CPU
		{F72C387A-8356-42B9-9537-F4543A8DCA77}.Release|Any CPU.Build.0 = Release|Any CPU
	EndGlobalSection
	GlobalSection(SolutionProperties) = preSolution
		HideSolutionNode = FALSE
	EndGlobalSection
	GlobalSection(ExtensibilityGlobals) = postSolution
		SolutionGuid = {DAA30236-0E83-4E2E-BDD7-7F9D32E1ADE9}
	EndGlobalSection
EndGlobal
