
Microsoft Visual Studio Solution File, Format Version 12.00
# Visual Studio Version 17
VisualStudioVersion = 17.4.33205.214
MinimumVisualStudioVersion = 10.0.40219.1
Project("{FAE04EC0-301F-11D3-BF4B-00C04F79EFBC}") = "AAE2023_4", "AAE2023_4\AAE2023_4.csproj", "{AD51FDAA-E3A1-480F-A1E8-7F7396A9715B}"
EndProject
Global
	GlobalSection(SolutionConfigurationPlatforms) = preSolution
		Debug|Any CPU = Debug|Any CPU
		Release|Any CPU = Release|Any CPU
	EndGlobalSection
	GlobalSection(ProjectConfigurationPlatforms) = postSolution
		{AD51FDAA-E3A1-480F-A1E8-7F7396A9715B}.Debug|Any CPU.ActiveCfg = Debug|Any CPU
		{AD51FDAA-E3A1-480F-A1E8-7F7396A9715B}.Debug|Any CPU.Build.0 = Debug|Any CPU
		{AD51FDAA-E3A1-480F-A1E8-7F7396A9715B}.Release|Any CPU.ActiveCfg = Release|Any CPU
		{AD51FDAA-E3A1-480F-A1E8-7F7396A9715B}.Release|Any CPU.Build.0 = Release|Any CPU
	EndGlobalSection
	GlobalSection(SolutionProperties) = preSolution
		HideSolutionNode = FALSE
	EndGlobalSection
	GlobalSection(ExtensibilityGlobals) = postSolution
		SolutionGuid = {0D1A280E-6A55-49F3-9350-572747688878}
	EndGlobalSection
EndGlobal
